# THIS IS AN AUTOGENERATED FILE. DO NOT EDIT THIS FILE DIRECTLY.
# yarn lockfile v1


"@fullcalendar/common@~5.5.0":
  version "5.5.1"
  resolved "https://registry.yarnpkg.com/@fullcalendar/common/-/common-5.5.1.tgz#cc3679408b625b35d6f3f05bdca73f3700d0d370"
  integrity sha512-tfVlX4aBHxCDJAVkUm93FXScOhmdz6/vUy/ISfpNeRNYuUvhJbmjoH67DpGNdS3we2n6/dVte021TE4Bbo4uRA==
  dependencies:
    ical.js "^1.4.0"
    tslib "^2.0.3"

"@fullcalendar/moment@^5.5.0":
  version "5.5.0"
  resolved "https://registry.yarnpkg.com/@fullcalendar/moment/-/moment-5.5.0.tgz#687009d08e5d18ce8d6ee91aad2d806fddf8c70e"
  integrity sha512-/Gko/SKOyJo9PuPgr7QwXrcpKsFP0A9qHvjIXhI2pGRmaf7SVo2+0g17M8eBmKeBn5iGRaZXJ8ps60pYe3kl/g==
  dependencies:
    "@fullcalendar/common" "~5.5.0"
    tslib "^2.0.3"

ical.js@^1.4.0:
  version "1.4.0"
  resolved "https://registry.yarnpkg.com/ical.js/-/ical.js-1.4.0.tgz#fc5619dc55fe03d909bf04362aa0677f4541b9d7"
  integrity sha512-ltHZuOFNNjcyEYbzDgjemS7LWIFh2vydJeznxQHUh3dnarbxqOYsWONYteBVAq1MEOHnwXFGN2eskZReHclnrA==

tslib@^2.0.3:
  version "2.1.0"
  resolved "https://registry.yarnpkg.com/tslib/-/tslib-2.1.0.tgz#da60860f1c2ecaa5703ab7d39bc05b6bf988b97a"
  integrity sha512-hcVC3wYEziELGGmEEXue7D75zbwIIVUMWAVbHItGPx0ziyXxrOMQx4rQEVEV45Ut/1IotuEvwqPopzIOkDMf0A==
